
Microsoft Visual Studio Solution File, Format Version 11.00
# Visual Studio 2010
Project("{FAE04EC0-301F-11D3-BF4B-00C04F79EFBC}") = "RMM.Phone", "RMM.Phone\RMM.Phone.csproj", "{67055403-1A43-4572-8C2E-ABFF118CC9E2}"
EndProject
Project("{FAE04EC0-301F-11D3-BF4B-00C04F79EFBC}") = "RMM.Data", "RMM.Data\RMM.Data.csproj", "{36C0EAB3-441F-44A6-A660-DDE6FD54B9CD}"
EndProject
Project("{FAE04EC0-301F-11D3-BF4B-00C04F79EFBC}") = "RMM.Business", "RMM.Business\RMM.Business.csproj", "{F40BDCCD-D7E3-41DE-B394-B75077EA1130}"
EndProject
Project("{FAE04EC0-301F-11D3-BF4B-00C04F79EFBC}") = "RMM.Phone.TestFonctionnel", "RMM.Phone.TestFonctionnel\RMM.Phone.TestFonctionnel.csproj", "{FBA51337-61F8-463C-A9D6-D4D03CA7D654}"
EndProject
Global
	GlobalSection(SolutionConfigurationPlatforms) = preSolution
		Debug|Any CPU = Debug|Any CPU
		Release|Any CPU = Release|Any CPU
	EndGlobalSection
	GlobalSection(ProjectConfigurationPlatforms) = postSolution
		{67055403-1A43-4572-8C2E-ABFF118CC9E2}.Debug|Any CPU.ActiveCfg = Debug|Any CPU
		{67055403-1A43-4572-8C2E-ABFF118CC9E2}.Debug|Any CPU.Build.0 = Debug|Any CPU
		{67055403-1A43-4572-8C2E-ABFF118CC9E2}.Debug|Any CPU.Deploy.0 = Debug|Any CPU
		{67055403-1A43-4572-8C2E-ABFF118CC9E2}.Release|Any CPU.ActiveCfg = Release|Any CPU
		{67055403-1A43-4572-8C2E-ABFF118CC9E2}.Release|Any CPU.Build.0 = Release|Any CPU
		{67055403-1A43-4572-8C2E-ABFF118CC9E2}.Release|Any CPU.Deploy.0 = Release|Any CPU
		{36C0EAB3-441F-44A6-A660-DDE6FD54B9CD}.Debug|Any CPU.ActiveCfg = Debug|Any CPU
		{36C0EAB3-441F-44A6-A660-DDE6FD54B9CD}.Debug|Any CPU.Build.0 = Debug|Any CPU
		{36C0EAB3-441F-44A6-A660-DDE6FD54B9CD}.Release|Any CPU.ActiveCfg = Release|Any CPU
		{36C0EAB3-441F-44A6-A660-DDE6FD54B9CD}.Release|Any CPU.Build.0 = Release|Any CPU
		{F40BDCCD-D7E3-41DE-B394-B75077EA1130}.Debug|Any CPU.ActiveCfg = Debug|Any CPU
		{F40BDCCD-D7E3-41DE-B394-B75077EA1130}.Debug|Any CPU.Build.0 = Debug|Any CPU
		{F40BDCCD-D7E3-41DE-B394-B75077EA1130}.Release|Any CPU.ActiveCfg = Release|Any CPU
		{F40BDCCD-D7E3-41DE-B394-B75077EA1130}.Release|Any CPU.Build.0 = Release|Any CPU
		{FBA51337-61F8-463C-A9D6-D4D03CA7D654}.Debug|Any CPU.ActiveCfg = Debug|Any CPU
		{FBA51337-61F8-463C-A9D6-D4D03CA7D654}.Debug|Any CPU.Build.0 = Debug|Any CPU
		{FBA51337-61F8-463C-A9D6-D4D03CA7D654}.Debug|Any CPU.Deploy.0 = Debug|Any CPU
		{FBA51337-61F8-463C-A9D6-D4D03CA7D654}.Release|Any CPU.ActiveCfg = Release|Any CPU
		{FBA51337-61F8-463C-A9D6-D4D03CA7D654}.Release|Any CPU.Build.0 = Release|Any CPU
		{FBA51337-61F8-463C-A9D6-D4D03CA7D654}.Release|Any CPU.Deploy.0 = Release|Any CPU
	EndGlobalSection
	GlobalSection(SolutionProperties) = preSolution
		HideSolutionNode = FALSE
	EndGlobalSection
EndGlobal
